
Microsoft Visual Studio Solution File, Format Version 12.00
# Visual Studio 15
VisualStudioVersion = 15.0.28307.438
MinimumVisualStudioVersion = 10.0.40219.1
Project("{FAE04EC0-301F-11D3-BF4B-00C04F79EFBC}") = "Hackaton", "Hackaton\Hackaton.csproj", "{AD0908F2-220B-4E8B-91ED-F61E2EA9726B}"
EndProject
Global
	GlobalSection(SolutionConfigurationPlatforms) = preSolution
		Debug|Any CPU = Debug|Any CPU
		Release|Any CPU = Release|Any CPU
	EndGlobalSection
	GlobalSection(ProjectConfigurationPlatforms) = postSolution
		{AD0908F2-220B-4E8B-91ED-F61E2EA9726B}.Debug|Any CPU.ActiveCfg = Debug|Any CPU
		{AD0908F2-220B-4E8B-91ED-F61E2EA9726B}.Debug|Any CPU.Build.0 = Debug|Any CPU
		{AD0908F2-220B-4E8B-91ED-F61E2EA9726B}.Release|Any CPU.ActiveCfg = Release|Any CPU
		{AD0908F2-220B-4E8B-91ED-F61E2EA9726B}.Release|Any CPU.Build.0 = Release|Any CPU
	EndGlobalSection
	GlobalSection(SolutionProperties) = preSolution
		HideSolutionNode = FALSE
	EndGlobalSection
	GlobalSection(ExtensibilityGlobals) = postSolution
		SolutionGuid = {56C3EAE0-7BBE-4FED-BB99-1AF15081EAF5}
	EndGlobalSection
EndGlobal
